
Microsoft Visual Studio Solution File, Format Version 11.00
# Visual Studio 2010
Project("{FAE04EC0-301F-11D3-BF4B-00C04F79EFBC}") = "Assembly-CSharp", "Assembly-CSharp.csproj", "{FB00E037-A0DC-2C37-D9B4-4F3484AD4AB9}"
EndProject
Global
	GlobalSection(SolutionConfigurationPlatforms) = preSolution
		Debug|Any CPU = Debug|Any CPU
		Release|Any CPU = Release|Any CPU
	EndGlobalSection
	GlobalSection(ProjectConfigurationPlatforms) = postSolution
		{FB00E037-A0DC-2C37-D9B4-4F3484AD4AB9}.Debug|Any CPU.ActiveCfg = Debug|Any CPU
		{FB00E037-A0DC-2C37-D9B4-4F3484AD4AB9}.Debug|Any CPU.Build.0 = Debug|Any CPU
		{FB00E037-A0DC-2C37-D9B4-4F3484AD4AB9}.Release|Any CPU.ActiveCfg = Release|Any CPU
		{FB00E037-A0DC-2C37-D9B4-4F3484AD4AB9}.Release|Any CPU.Build.0 = Release|Any CPU
	EndGlobalSection
	GlobalSection(SolutionProperties) = preSolution
		HideSolutionNode = FALSE
	EndGlobalSection
EndGlobal
